
Microsoft Visual Studio Solution File, Format Version 12.00
# Visual Studio Version 17
VisualStudioVersion = 17.0.32014.148
MinimumVisualStudioVersion = 10.0.40219.1
Project("{FAE04EC0-301F-11D3-BF4B-00C04F79EFBC}") = "ConsoleApp3", "ConsoleApp3\ConsoleApp3.csproj", "{3D1BD4D8-B71E-4BC9-8CAB-9B16E03DA239}"
EndProject
Global
	GlobalSection(SolutionConfigurationPlatforms) = preSolution
		Debug|Any CPU = Debug|Any CPU
		Release|Any CPU = Release|Any CPU
	EndGlobalSection
	GlobalSection(ProjectConfigurationPlatforms) = postSolution
		{3D1BD4D8-B71E-4BC9-8CAB-9B16E03DA239}.Debug|Any CPU.ActiveCfg = Debug|Any CPU
		{3D1BD4D8-B71E-4BC9-8CAB-9B16E03DA239}.Debug|Any CPU.Build.0 = Debug|Any CPU
		{3D1BD4D8-B71E-4BC9-8CAB-9B16E03DA239}.Release|Any CPU.ActiveCfg = Release|Any CPU
		{3D1BD4D8-B71E-4BC9-8CAB-9B16E03DA239}.Release|Any CPU.Build.0 = Release|Any CPU
	EndGlobalSection
	GlobalSection(SolutionProperties) = preSolution
		HideSolutionNode = FALSE
	EndGlobalSection
	GlobalSection(ExtensibilityGlobals) = postSolution
		SolutionGuid = {2413DA6A-05E1-4D5F-B0C4-2EDAC1B73123}
	EndGlobalSection
EndGlobal
